// !$*UTF8*$!
{
	archiveVersion = 1;
	classes = {
	};
	objectVersion = 46;
	objects = {

/* Begin PBXBuildFile section */
		DC0EF0CE1E10BEEE00B55FA2 /* AppDelegate.swift in Sources */ = {isa = PBXBuildFile; fileRef = DC0EF0CD1E10BEEE00B55FA2 /* AppDelegate.swift */; };
		DC0EF0D01E10BEEE00B55FA2 /* ViewController.swift in Sources */ = {isa = PBXBuildFile; fileRef = DC0EF0CF1E10BEEE00B55FA2 /* ViewController.swift */; };
		DC0EF0D31E10BEEE00B55FA2 /* Main.storyboard in Resources */ = {isa = PBXBuildFile; fileRef = DC0EF0D11E10BEEE00B55FA2 /* Main.storyboard */; };
		DC0EF0D61E10BEEE00B55FA2 /* DesignToReal.xcdatamodeld in Sources */ = {isa = PBXBuildFile; fileRef = DC0EF0D41E10BEEE00B55FA2 /* DesignToReal.xcdatamodeld */; };
		DC0EF0D81E10BEEE00B55FA2 /* Assets.xcassets in Resources */ = {isa = PBXBuildFile; fileRef = DC0EF0D71E10BEEE00B55FA2 /* Assets.xcassets */; };
		DC0EF0DB1E10BEEE00B55FA2 /* LaunchScreen.storyboard in Resources */ = {isa = PBXBuildFile; fileRef = DC0EF0D91E10BEEE00B55FA2 /* LaunchScreen.storyboard */; };
		DCEE8B2C1E11554D0089A048 /* LoginTextField.swift in Sources */ = {isa = PBXBuildFile; fileRef = DCEE8B2B1E11554D0089A048 /* LoginTextField.swift */; };
/* End PBXBuildFile section */

/* Begin PBXFileReference section */
		DC0EF0CA1E10BEEE00B55FA2 /* DesignToReal.app */ = {isa = PBXFileReference; explicitFileType = wrapper.application; includeInIndex = 0; path = DesignToReal.app; sourceTree = BUILT_PRODUCTS_DIR; };
		DC0EF0CD1E10BEEE00B55FA2 /* AppDelegate.swift */ = {isa = PBXFileReference; lastKnownFileType = sourcecode.swift; path = AppDelegate.swift; sourceTree = "<group>"; };
		DC0EF0CF1E10BEEE00B55FA2 /* ViewController.swift */ = {isa = PBXFileReference; lastKnownFileType = sourcecode.swift; path = ViewController.swift; sourceTree = "<group>"; };
		DC0EF0D21E10BEEE00B55FA2 /* Base */ = {isa = PBXFileReference; lastKnownFileType = file.storyboard; name = Base; path = Base.lproj/Main.storyboard; sourceTree = "<group>"; };
		DC0EF0D51E10BEEE00B55FA2 /* DesignToReal.xcdatamodel */ = {isa = PBXFileReference; lastKnownFileType = wrapper.xcdatamodel; path = DesignToReal.xcdatamodel; sourceTree = "<group>"; };
		DC0EF0D71E10BEEE00B55FA2 /* Assets.xcassets */ = {isa = PBXFileReference; lastKnownFileType = folder.assetcatalog; path = Assets.xcassets; sourceTree = "<group>"; };
		DC0EF0DA1E10BEEE00B55FA2 /* Base */ = {isa = PBXFileReference; lastKnownFileType = file.storyboard; name = Base; path = Base.lproj/LaunchScreen.storyboard; sourceTree = "<group>"; };
		DC0EF0DC1E10BEEE00B55FA2 /* Info.plist */ = {isa = PBXFileReference; lastKnownFileType = text.plist.xml; path = Info.plist; sourceTree = "<group>"; };
		DCEE8B2B1E11554D0089A048 /* LoginTextField.swift */ = {isa = PBXFileReference; fileEncoding = 4; lastKnownFileType = sourcecode.swift; path = LoginTextField.swift; sourceTree = "<group>"; };
/* End PBXFileReference section */

/* Begin PBXFrameworksBuildPhase section */
		DC0EF0C71E10BEEE00B55FA2 /* Frameworks */ = {
			isa = PBXFrameworksBuildPhase;
			buildActionMask = 2147483647;
			files = (
			);
			runOnlyForDeploymentPostprocessing = 0;
		};
/* End PBXFrameworksBuildPhase section */

/* Begin PBXGroup section */
		DC0EF0C11E10BEEE00B55FA2 = {
			isa = PBXGroup;
			children = (
				DC0EF0CC1E10BEEE00B55FA2 /* DesignToReal */,
				DC0EF0CB1E10BEEE00B55FA2 /* Products */,
			);
			sourceTree = "<group>";
		};
		DC0EF0CB1E10BEEE00B55FA2 /* Products */ = {
			isa = PBXGroup;
			children = (
				DC0EF0CA1E10BEEE00B55FA2 /* DesignToReal.app */,
			);
			name = Products;
			sourceTree = "<group>";
		};
		DC0EF0CC1E10BEEE00B55FA2 /* DesignToReal */ = {
			isa = PBXGroup;
			children = (
				DC0EF0CD1E10BEEE00B55FA2 /* AppDelegate.swift */,
				DC0EF0CF1E10BEEE00B55FA2 /* ViewController.swift */,
				DCEE8B2B1E11554D0089A048 /* LoginTextField.swift */,
				DC0EF0D11E10BEEE00B55FA2 /* Main.storyboard */,
				DC0EF0D71E10BEEE00B55FA2 /* Assets.xcassets */,
				DC0EF0D91E10BEEE00B55FA2 /* LaunchScreen.storyboard */,
				DC0EF0DC1E10BEEE00B55FA2 /* Info.plist */,
				DC0EF0D41E10BEEE00B55FA2 /* DesignToReal.xcdatamodeld */,
			);
			path = DesignToReal;
			sourceTree = "<group>";
		};
/* End PBXGroup section */

/* Begin PBXNativeTarget section */
		DC0EF0C91E10BEEE00B55FA2 /* DesignToReal */ = {
			isa = PBXNativeTarget;
			buildConfigurationList = DC0EF0DF1E10BEEE00B55FA2 /* Build configuration list for PBXNativeTarget "DesignToReal" */;
			buildPhases = (
				DC0EF0C61E10BEEE00B55FA2 /* Sources */,
				DC0EF0C71E10BEEE00B55FA2 /* Frameworks */,
				DC0EF0C81E10BEEE00B55FA2 /* Resources */,
			);
			buildRules = (
			);
			dependencies = (
			);
			name = DesignToReal;
			productName = DesignToReal;
			productReference = DC0EF0CA1E10BEEE00B55FA2 /* DesignToReal.app */;
			productType = "com.apple.product-type.application";
		};
/* End PBXNativeTarget section */

/* Begin PBXProject section */
		DC0EF0C21E10BEEE00B55FA2 /* Project object */ = {
			isa = PBXProject;
			attributes = {
				LastSwiftUpdateCheck = 0820;
				LastUpgradeCheck = 0820;
				ORGANIZATIONNAME = doantuan;
				TargetAttributes = {
					DC0EF0C91E10BEEE00B55FA2 = {
						CreatedOnToolsVersion = 8.2;
						DevelopmentTeam = 25ZS53YZR8;
						ProvisioningStyle = Automatic;
					};
				};
			};
			buildConfigurationList = DC0EF0C51E10BEEE00B55FA2 /* Build configuration list for PBXProject "DesignToReal" */;
			compatibilityVersion = "Xcode 3.2";
			developmentRegion = English;
			hasScannedForEncodings = 0;
			knownRegions = (
				en,
				Base,
			);
			mainGroup = DC0EF0C11E10BEEE00B55FA2;
			productRefGroup = DC0EF0CB1E10BEEE00B55FA2 /* Products */;
			projectDirPath = "";
			projectRoot = "";
			targets = (
				DC0EF0C91E10BEEE00B55FA2 /* DesignToReal */,
			);
		};
/* End PBXProject section */

/* Begin PBXResourcesBuildPhase section */
		DC0EF0C81E10BEEE00B55FA2 /* Resources */ = {
			isa = PBXResourcesBuildPhase;
			buildActionMask = 2147483647;
			files = (
				DC0EF0DB1E10BEEE00B55FA2 /* LaunchScreen.storyboard in Resources */,
				DC0EF0D81E10BEEE00B55FA2 /* Assets.xcassets in Resources */,
				DC0EF0D31E10BEEE00B55FA2 /* Main.storyboard in Resources */,
			);
			runOnlyForDeploymentPostprocessing = 0;
		};
/* End PBXResourcesBuildPhase section */

/* Begin PBXSourcesBuildPhase section */
		DC0EF0C61E10BEEE00B55FA2 /* Sources */ = {
			isa = PBXSourcesBuildPhase;
			buildActionMask = 2147483647;
			files = (
				DC0EF0D01E10BEEE00B55FA2 /* ViewController.swift in Sources */,
				DCEE8B2C1E11554D0089A048 /* LoginTextField.swift in Sources */,
				DC0EF0CE1E10BEEE00B55FA2 /* AppDelegate.swift in Sources */,
				DC0EF0D61E10BEEE00B55FA2 /* DesignToReal.xcdatamodeld in Sources */,
			);
			runOnlyForDeploymentPostprocessing = 0;
		};
/* End PBXSourcesBuildPhase section */

/* Begin PBXVariantGroup section */
		DC0EF0D11E10BEEE00B55FA2 /* Main.storyboard */ = {
			isa = PBXVariantGroup;
			children = (
				DC0EF0D21E10BEEE00B55FA2 /* Base */,
			);
			name = Main.storyboard;
			sourceTree = "<group>";
		};
		DC0EF0D91E10BEEE00B55FA2 /* LaunchScreen.storyboard */ = {
			isa = PBXVariantGroup;
			children = (
				DC0EF0DA1E10BEEE00B55FA2 /* Base */,
			);
			name = LaunchScreen.storyboard;
			sourceTree = "<group>";
		};
/* End PBXVariantGroup section */

/* Begin XCBuildConfiguration section */
		DC0EF0DD1E10BEEE00B55FA2 /* Debug */ = {
			isa = XCBuildConfiguration;
			buildSettings = {
				ALWAYS_SEARCH_USER_PATHS = NO;
				CLANG_ANALYZER_NONNULL = YES;
				CLANG_CXX_LANGUAGE_STANDARD = "gnu++0x";
				CLANG_CXX_LIBRARY = "libc++";
				CLANG_ENABLE_MODULES = YES;
				CLANG_ENABLE_OBJC_ARC = YES;
				CLANG_WARN_BOOL_CONVERSION = YES;
				CLANG_WARN_CONSTANT_CONVERSION = YES;
				CLANG_WARN_DIRECT_OBJC_ISA_USAGE = YES_ERROR;
				CLANG_WARN_DOCUMENTATION_COMMENTS = YES;
				CLANG_WARN_EMPTY_BODY = YES;
				CLANG_WARN_ENUM_CONVERSION = YES;
				CLANG_WARN_INFINITE_RECURSION = YES;
				CLANG_WARN_INT_CONVERSION = YES;
				CLANG_WARN_OBJC_ROOT_CLASS = YES_ERROR;
				CLANG_WARN_SUSPICIOUS_MOVE = YES;
				CLANG_WARN_UNREACHABLE_CODE = YES;
				CLANG_WARN__DUPLICATE_METHOD_MATCH = YES;
				"CODE_SIGN_IDENTITY[sdk=iphoneos*]" = "iPhone Developer";
				COPY_PHASE_STRIP = NO;
				DEBUG_INFORMATION_FORMAT = dwarf;
				ENABLE_STRICT_OBJC_MSGSEND = YES;
				ENABLE_TESTABILITY = YES;
				GCC_C_LANGUAGE_STANDARD = gnu99;
				GCC_DYNAMIC_NO_PIC = NO;
				GCC_NO_COMMON_BLOCKS = YES;
				GCC_OPTIMIZATION_LEVEL = 0;
				GCC_PREPROCESSOR_DEFINITIONS = (
					"DEBUG=1",
					"$(inherited)",
				);
				GCC_WARN_64_TO_32_BIT_CONVERSION = YES;
				GCC_WARN_ABOUT_RETURN_TYPE = YES_ERROR;
				GCC_WARN_UNDECLARED_SELECTOR = YES;
				GCC_WARN_UNINITIALIZED_AUTOS = YES_AGGRESSIVE;
				GCC_WARN_UNUSED_FUNCTION = YES;
				GCC_WARN_UNUSED_VARIABLE = YES;
				IPHONEOS_DEPLOYMENT_TARGET = 10.2;
				MTL_ENABLE_DEBUG_INFO = YES;
				ONLY_ACTIVE_ARCH = YES;
				SDKROOT = iphoneos;
				SWIFT_ACTIVE_COMPILATION_CONDITIONS = DEBUG;
				SWIFT_OPTIMIZATION_LEVEL = "-Onone";
			};
			name = Debug;
		};
		DC0EF0DE1E10BEEE00B55FA2 /* Release */ = {
			isa = XCBuildConfiguration;
			buildSettings = {
				ALWAYS_SEARCH_USER_PATHS = NO;
				CLANG_ANALYZER_NONNULL = YES;
				CLANG_CXX_LANGUAGE_STANDARD = "gnu++0x";
				CLANG_CXX_LIBRARY = "libc++";
				CLANG_ENABLE_MODULES = YES;
				CLANG_ENABLE_OBJC_ARC = YES;
				CLANG_WARN_BOOL_CONVERSION = YES;
				CLANG_WARN_CONSTANT_CONVERSION = YES;
				CLANG_WARN_DIRECT_OBJC_ISA_USAGE = YES_ERROR;
				CLANG_WARN_DOCUMENTATION_COMMENTS = YES;
				CLANG_WARN_EMPTY_BODY = YES;
				CLANG_WARN_ENUM_CONVERSION = YES;
				CLANG_WARN_INFINITE_RECURSION = YES;
				CLANG_WARN_INT_CONVERSION = YES;
				CLANG_WARN_OBJC_ROOT_CLASS = YES_ERROR;
				CLANG_WARN_SUSPICIOUS_MOVE = YES;
				CLANG_WARN_UNREACHABLE_CODE = YES;
				CLANG_WARN__DUPLICATE_METHOD_MATCH = YES;
				"CODE_SIGN_IDENTITY[sdk=iphoneos*]" = "iPhone Developer";
				COPY_PHASE_STRIP = NO;
				DEBUG_INFORMATION_FORMAT = "dwarf-with-dsym";
				ENABLE_NS_ASSERTIONS = NO;
				ENABLE_STRICT_OBJC_MSGSEND = YES;
				GCC_C_LANGUAGE_STANDARD = gnu99;
				GCC_NO_COMMON_BLOCKS = YES;
				GCC_WARN_64_TO_32_BIT_CONVERSION = YES;
				GCC_WARN_ABOUT_RETURN_TYPE = YES_ERROR;
				GCC_WARN_UNDECLARED_SELECTOR = YES;
				GCC_WARN_UNINITIALIZED_AUTOS = YES_AGGRESSIVE;
				GCC_WARN_UNUSED_FUNCTION = YES;
				GCC_WARN_UNUSED_VARIABLE = YES;
				IPHONEOS_DEPLOYMENT_TARGET = 10.2;
				MTL_ENABLE_DEBUG_INFO = NO;
				SDKROOT = iphoneos;
				SWIFT_OPTIMIZATION_LEVEL = "-Owholemodule";
				VALIDATE_PRODUCT = YES;
			};
			name = Release;
		};
		DC0EF0E01E10BEEE00B55FA2 /* Debug */ = {
			isa = XCBuildConfiguration;
			buildSettings = {
				ASSETCATALOG_COMPILER_APPICON_NAME = AppIcon;
				DEVELOPMENT_TEAM = 25ZS53YZR8;
				INFOPLIST_FILE = DesignToReal/Info.plist;
				LD_RUNPATH_SEARCH_PATHS = "$(inherited) @executable_path/Frameworks";
				PRODUCT_BUNDLE_IDENTIFIER = doantuan.DesignToReal;
				PRODUCT_NAME = "$(TARGET_NAME)";
				SWIFT_VERSION = 3.0;
			};
			name = Debug;
		};
		DC0EF0E11E10BEEE00B55FA2 /* Release */ = {
			isa = XCBuildConfiguration;
			buildSettings = {
				ASSETCATALOG_COMPILER_APPICON_NAME = AppIcon;
				DEVELOPMENT_TEAM = 25ZS53YZR8;
				INFOPLIST_FILE = DesignToReal/Info.plist;
				LD_RUNPATH_SEARCH_PATHS = "$(inherited) @executable_path/Frameworks";
				PRODUCT_BUNDLE_IDENTIFIER = doantuan.DesignToReal;
				PRODUCT_NAME = "$(TARGET_NAME)";
				SWIFT_VERSION = 3.0;
			};
			name = Release;
		};
/* End XCBuildConfiguration section */

/* Begin XCConfigurationList section */
		DC0EF0C51E10BEEE00B55FA2 /* Build configuration list for PBXProject "DesignToReal" */ = {
			isa = XCConfigurationList;
			buildConfigurations = (
				DC0EF0DD1E10BEEE00B55FA2 /* Debug */,
				DC0EF0DE1E10BEEE00B55FA2 /* Release */,
			);
			defaultConfigurationIsVisible = 0;
			defaultConfigurationName = Release;
		};
		DC0EF0DF1E10BEEE00B55FA2 /* Build configuration list for PBXNativeTarget "DesignToReal" */ = {
			isa = XCConfigurationList;
			buildConfigurations = (
				DC0EF0E01E10BEEE00B55FA2 /* Debug */,
				DC0EF0E11E10BEEE00B55FA2 /* Release */,
			);
			defaultConfigurationIsVisible = 0;
			defaultConfigurationName = Release;
		};
/* End XCConfigurationList section */

/* Begin XCVersionGroup section */
		DC0EF0D41E10BEEE00B55FA2 /* DesignToReal.xcdatamodeld */ = {
			isa = XCVersionGroup;
			children = (
				DC0EF0D51E10BEEE00B55FA2 /* DesignToReal.xcdatamodel */,
			);
			currentVersion = DC0EF0D51E10BEEE00B55FA2 /* DesignToReal.xcdatamodel */;
			path = DesignToReal.xcdatamodeld;
			sourceTree = "<group>";
			versionGroupType = wrapper.xcdatamodel;
		};
/* End XCVersionGroup section */
	};
	rootObject = DC0EF0C21E10BEEE00B55FA2 /* Project object */;
}
